lockfileVersion: '6.0'

settings:
  autoInstallPeers: true
  excludeLinksFromLockfile: false

dependencies:
  '@types/cookie-session':
    specifier: ^2.0.45
    version: 2.0.46
  class-transformer:
    specifier: ^0.5.1
    version: 0.5.1
  cookie-session:
    specifier: ^2.0.0
    version: 2.0.0

packages:

  /@types/body-parser@1.19.4:
    resolution: {integrity: sha512-N7UDG0/xiPQa2D/XrVJXjkWbpqHCd2sBaB32ggRF2l83RhPfamgKGF8gwwqyksS95qUS5ZYF9aF+lLPRlwI2UA==}
    dependencies:
      '@types/connect': 3.4.37
      '@types/node': 20.8.10
    dev: false

  /@types/connect@3.4.37:
    resolution: {integrity: sha512-zBUSRqkfZ59OcwXon4HVxhx5oWCJmc0OtBTK05M+p0dYjgN6iTwIL2T/WbsQZrEsdnwaF9cWQ+azOnpPvIqY3Q==}
    dependencies:
      '@types/node': 20.8.10
    dev: false

  /@types/cookie-session@2.0.46:
    resolution: {integrity: sha512-tz1Ekw1XjtF+/SXvd90m+9nmDdi2PF4JvQub7Hj4tTlR4uxACC0p+WvhGxAbaELLR5oc3c5tQIgKsh6paWUt7A==}
    dependencies:
      '@types/express': 4.17.20
      '@types/keygrip': 1.0.4
    dev: false

  /@types/express-serve-static-core@4.17.39:
    resolution: {integrity: sha512-BiEUfAiGCOllomsRAZOiMFP7LAnrifHpt56pc4Z7l9K6ACyN06Ns1JLMBxwkfLOjJRlSf06NwWsT7yzfpaVpyQ==}
    dependencies:
      '@types/node': 20.8.10
      '@types/qs': 6.9.9
      '@types/range-parser': 1.2.6
      '@types/send': 0.17.3
    dev: false

  /@types/express@4.17.20:
    resolution: {integrity: sha512-rOaqlkgEvOW495xErXMsmyX3WKBInbhG5eqojXYi3cGUaLoRDlXa5d52fkfWZT963AZ3v2eZ4MbKE6WpDAGVsw==}
    dependencies:
      '@types/body-parser': 1.19.4
      '@types/express-serve-static-core': 4.17.39
      '@types/qs': 6.9.9
      '@types/serve-static': 1.15.4
    dev: false

  /@types/http-errors@2.0.3:
    resolution: {integrity: sha512-pP0P/9BnCj1OVvQR2lF41EkDG/lWWnDyA203b/4Fmi2eTyORnBtcDoKDwjWQthELrBvWkMOrvSOnZ8OVlW6tXA==}
    dev: false

  /@types/keygrip@1.0.4:
    resolution: {integrity: sha512-/tjWYD8StMrINelsrHNmpXceo9s3/Y22AzePH1qCvXIgmz/aQp2YFFr6HqhNQVIOdcvaVyp5GS+yjHGuF7Rwsg==}
    dev: false

  /@types/mime@1.3.4:
    resolution: {integrity: sha512-1Gjee59G25MrQGk8bsNvC6fxNiRgUlGn2wlhGf95a59DrprnnHk80FIMMFG9XHMdrfsuA119ht06QPDXA1Z7tw==}
    dev: false

  /@types/mime@3.0.3:
    resolution: {integrity: sha512-i8MBln35l856k5iOhKk2XJ4SeAWg75mLIpZB4v6imOagKL6twsukBZGDMNhdOVk7yRFTMPpfILocMos59Q1otQ==}
    dev: false

  /@types/node@20.8.10:
    resolution: {integrity: sha512-TlgT8JntpcbmKUFzjhsyhGfP2fsiz1Mv56im6enJ905xG1DAYesxJaeSbGqQmAw8OWPdhyJGhGSQGKRNJ45u9w==}
    dependencies:
      undici-types: 5.26.5
    dev: false

  /@types/qs@6.9.9:
    resolution: {integrity: sha512-wYLxw35euwqGvTDx6zfY1vokBFnsK0HNrzc6xNHchxfO2hpuRg74GbkEW7e3sSmPvj0TjCDT1VCa6OtHXnubsg==}
    dev: false

  /@types/range-parser@1.2.6:
    resolution: {integrity: sha512-+0autS93xyXizIYiyL02FCY8N+KkKPhILhcUSA276HxzreZ16kl+cmwvV2qAM/PuCCwPXzOXOWhiPcw20uSFcA==}
    dev: false

  /@types/send@0.17.3:
    resolution: {integrity: sha512-/7fKxvKUoETxjFUsuFlPB9YndePpxxRAOfGC/yJdc9kTjTeP5kRCTzfnE8kPUKCeyiyIZu0YQ76s50hCedI1ug==}
    dependencies:
      '@types/mime': 1.3.4
      '@types/node': 20.8.10
    dev: false

  /@types/serve-static@1.15.4:
    resolution: {integrity: sha512-aqqNfs1XTF0HDrFdlY//+SGUxmdSUbjeRXb5iaZc3x0/vMbYmdw9qvOgHWOyyLFxSSRnUuP5+724zBgfw8/WAw==}
    dependencies:
      '@types/http-errors': 2.0.3
      '@types/mime': 3.0.3
      '@types/node': 20.8.10
    dev: false

  /class-transformer@0.5.1:
    resolution: {integrity: sha512-SQa1Ws6hUbfC98vKGxZH3KFY0Y1lm5Zm0SY8XX9zbK7FJCyVEac3ATW0RIpwzW+oOfmHE5PMPufDG9hCfoEOMw==}
    dev: false

  /cookie-session@2.0.0:
    resolution: {integrity: sha512-hKvgoThbw00zQOleSlUr2qpvuNweoqBtxrmx0UFosx6AGi9lYtLoA+RbsvknrEX8Pr6MDbdWAb2j6SnMn+lPsg==}
    engines: {node: '>= 0.10'}
    dependencies:
      cookies: 0.8.0
      debug: 3.2.7
      on-headers: 1.0.2
      safe-buffer: 5.2.1
    transitivePeerDependencies:
      - supports-color
    dev: false

  /cookies@0.8.0:
    resolution: {integrity: sha512-8aPsApQfebXnuI+537McwYsDtjVxGm8gTIzQI3FDW6t5t/DAhERxtnbEPN/8RX+uZthoz4eCOgloXaE5cYyNow==}
    engines: {node: '>= 0.8'}
    dependencies:
      depd: 2.0.0
      keygrip: 1.1.0
    dev: false

  /debug@3.2.7:
    resolution: {integrity: sha512-CFjzYYAi4ThfiQvizrFQevTTXHtnCqWfe7x1AhgEscTz6ZbLbfoLRLPugTQyBth6f8ZERVUSyWHFD/7Wu4t1XQ==}
    peerDependencies:
      supports-color: '*'
    peerDependenciesMeta:
      supports-color:
        optional: true
    dependencies:
      ms: 2.1.3
    dev: false

  /depd@2.0.0:
    resolution: {integrity: sha512-g7nH6P6dyDioJogAAGprGpCtVImJhpPk/roCzdb3fIh61/s/nPsfR6onyMwkCAR/OlC3yBC0lESvUoQEAssIrw==}
    engines: {node: '>= 0.8'}
    dev: false

  /keygrip@1.1.0:
    resolution: {integrity: sha512-iYSchDJ+liQ8iwbSI2QqsQOvqv58eJCEanyJPJi+Khyu8smkcKSFUCbPwzFcL7YVtZ6eONjqRX/38caJ7QjRAQ==}
    engines: {node: '>= 0.6'}
    dependencies:
      tsscmp: 1.0.6
    dev: false

  /ms@2.1.3:
    resolution: {integrity: sha512-6FlzubTLZG3J2a/NVCAleEhjzq5oxgHyaCU9yYXvcLsvoVaHJq/s5xXI6/XXP6tz7R9xAOtHnSO/tXtF3WRTlA==}
    dev: false

  /on-headers@1.0.2:
    resolution: {integrity: sha512-pZAE+FJLoyITytdqK0U5s+FIpjN0JP3OzFi/u8Rx+EV5/W+JTWGXG8xFzevE7AjBfDqHv/8vL8qQsIhHnqRkrA==}
    engines: {node: '>= 0.8'}
    dev: false

  /safe-buffer@5.2.1:
    resolution: {integrity: sha512-rp3So07KcdmmKbGvgaNxQSJr7bGVSVk5S9Eq1F+ppbRo70+YeaDxkw5Dd8NPN+GD6bjnYm2VuPuCXmpuYvmCXQ==}
    dev: false

  /tsscmp@1.0.6:
    resolution: {integrity: sha512-LxhtAkPDTkVCMQjt2h6eBVY28KCjikZqZfMcC15YBeNjkgUpdCfBu5HoiOTDu86v6smE8yOjyEktJ8hlbANHQA==}
    engines: {node: '>=0.6.x'}
    dev: false

  /undici-types@5.26.5:
    resolution: {integrity: sha512-JlCMO+ehdEIKqlFxk6IfVoAUVmgz7cU7zD/h9XZ0qzeosSHmUJVOzSQvvYSYWXkFXC+IfLKSIffhv0sVZup6pA==}
    dev: false
